// !$*UTF8*$!
{
	archiveVersion = 1;
	classes = {
	};
	objectVersion = 46;
	objects = {

/* Begin PBXBuildFile section */
		F52561931D58A43900266535 /* AppDelegate.m in Sources */ = {isa = PBXBuildFile; fileRef = F52561921D58A43900266535 /* AppDelegate.m */; };
		F52561961D58A43900266535 /* main.m in Sources */ = {isa = PBXBuildFile; fileRef = F52561951D58A43900266535 /* main.m */; };
		F52561991D58A43900266535 /* ViewController.m in Sources */ = {isa = PBXBuildFile; fileRef = F52561981D58A43900266535 /* ViewController.m */; };
		F525619B1D58A43900266535 /* Assets.xcassets in Resources */ = {isa = PBXBuildFile; fileRef = F525619A1D58A43900266535 /* Assets.xcassets */; };
		F52561A61D58A4BD00266535 /* Main.storyboard in Resources */ = {isa = PBXBuildFile; fileRef = F52561A51D58A4BD00266535 /* Main.storyboard */; };
		F52561B51D58A52200266535 /* ChartCell.m in Sources */ = {isa = PBXBuildFile; fileRef = F52561AE1D58A52200266535 /* ChartCell.m */; };
		F52561B61D58A52200266535 /* CheckBoxTableCell.m in Sources */ = {isa = PBXBuildFile; fileRef = F52561B01D58A52200266535 /* CheckBoxTableCell.m */; };
		F52561B71D58A52200266535 /* FlapTableViewController.m in Sources */ = {isa = PBXBuildFile; fileRef = F52561B21D58A52200266535 /* FlapTableViewController.m */; };
		F52561B81D58A52200266535 /* PrefController.m in Sources */ = {isa = PBXBuildFile; fileRef = F52561B41D58A52200266535 /* PrefController.m */; };
		F5E1FAE01D58AF4100F86822 /* URLManager.m in Sources */ = {isa = PBXBuildFile; fileRef = F5E1FADF1D58AF4100F86822 /* URLManager.m */; };
		F5E1FAE21D58FE0200F86822 /* linkdown.aif in Resources */ = {isa = PBXBuildFile; fileRef = F5E1FAE11D58F37D00F86822 /* linkdown.aif */; };
/* End PBXBuildFile section */

/* Begin PBXFileReference section */
		F51B9B931D6C806D000BF934 /* FlapMyPort.entitlements */ = {isa = PBXFileReference; lastKnownFileType = text.plist.entitlements; path = FlapMyPort.entitlements; sourceTree = "<group>"; };
		F525618E1D58A43900266535 /* FlapMyPort.app */ = {isa = PBXFileReference; explicitFileType = wrapper.application; includeInIndex = 0; path = FlapMyPort.app; sourceTree = BUILT_PRODUCTS_DIR; };
		F52561911D58A43900266535 /* AppDelegate.h */ = {isa = PBXFileReference; lastKnownFileType = sourcecode.c.h; path = AppDelegate.h; sourceTree = "<group>"; };
		F52561921D58A43900266535 /* AppDelegate.m */ = {isa = PBXFileReference; lastKnownFileType = sourcecode.c.objc; path = AppDelegate.m; sourceTree = "<group>"; };
		F52561951D58A43900266535 /* main.m */ = {isa = PBXFileReference; lastKnownFileType = sourcecode.c.objc; path = main.m; sourceTree = "<group>"; };
		F52561971D58A43900266535 /* ViewController.h */ = {isa = PBXFileReference; lastKnownFileType = sourcecode.c.h; path = ViewController.h; sourceTree = "<group>"; };
		F52561981D58A43900266535 /* ViewController.m */ = {isa = PBXFileReference; lastKnownFileType = sourcecode.c.objc; path = ViewController.m; sourceTree = "<group>"; };
		F525619A1D58A43900266535 /* Assets.xcassets */ = {isa = PBXFileReference; lastKnownFileType = folder.assetcatalog; path = Assets.xcassets; sourceTree = "<group>"; };
		F525619F1D58A43900266535 /* Info.plist */ = {isa = PBXFileReference; lastKnownFileType = text.plist.xml; path = Info.plist; sourceTree = "<group>"; };
		F52561A51D58A4BD00266535 /* Main.storyboard */ = {isa = PBXFileReference; fileEncoding = 4; lastKnownFileType = file.storyboard; path = Main.storyboard; sourceTree = "<group>"; };
		F52561AD1D58A52200266535 /* ChartCell.h */ = {isa = PBXFileReference; fileEncoding = 4; lastKnownFileType = sourcecode.c.h; path = ChartCell.h; sourceTree = "<group>"; };
		F52561AE1D58A52200266535 /* ChartCell.m */ = {isa = PBXFileReference; fileEncoding = 4; lastKnownFileType = sourcecode.c.objc; path = ChartCell.m; sourceTree = "<group>"; };
		F52561AF1D58A52200266535 /* CheckBoxTableCell.h */ = {isa = PBXFileReference; fileEncoding = 4; lastKnownFileType = sourcecode.c.h; path = CheckBoxTableCell.h; sourceTree = "<group>"; };
		F52561B01D58A52200266535 /* CheckBoxTableCell.m */ = {isa = PBXFileReference; fileEncoding = 4; lastKnownFileType = sourcecode.c.objc; path = CheckBoxTableCell.m; sourceTree = "<group>"; };
		F52561B11D58A52200266535 /* FlapTableViewController.h */ = {isa = PBXFileReference; fileEncoding = 4; lastKnownFileType = sourcecode.c.h; path = FlapTableViewController.h; sourceTree = "<group>"; };
		F52561B21D58A52200266535 /* FlapTableViewController.m */ = {isa = PBXFileReference; fileEncoding = 4; lastKnownFileType = sourcecode.c.objc; path = FlapTableViewController.m; sourceTree = "<group>"; };
		F52561B31D58A52200266535 /* PrefController.h */ = {isa = PBXFileReference; fileEncoding = 4; lastKnownFileType = sourcecode.c.h; path = PrefController.h; sourceTree = "<group>"; };
		F52561B41D58A52200266535 /* PrefController.m */ = {isa = PBXFileReference; fileEncoding = 4; lastKnownFileType = sourcecode.c.objc; path = PrefController.m; sourceTree = "<group>"; };
		F5E1FADE1D58AF4100F86822 /* URLManager.h */ = {isa = PBXFileReference; fileEncoding = 4; lastKnownFileType = sourcecode.c.h; path = URLManager.h; sourceTree = "<group>"; };
		F5E1FADF1D58AF4100F86822 /* URLManager.m */ = {isa = PBXFileReference; fileEncoding = 4; lastKnownFileType = sourcecode.c.objc; path = URLManager.m; sourceTree = "<group>"; };
		F5E1FAE11D58F37D00F86822 /* linkdown.aif */ = {isa = PBXFileReference; lastKnownFileType = file; path = linkdown.aif; sourceTree = "<group>"; };
/* End PBXFileReference section */

/* Begin PBXFrameworksBuildPhase section */
		F525618B1D58A43900266535 /* Frameworks */ = {
			isa = PBXFrameworksBuildPhase;
			buildActionMask = 2147483647;
			files = (
			);
			runOnlyForDeploymentPostprocessing = 0;
		};
/* End PBXFrameworksBuildPhase section */

/* Begin PBXGroup section */
		F52561851D58A43900266535 = {
			isa = PBXGroup;
			children = (
				F52561901D58A43900266535 /* FlapMyPort */,
				F525618F1D58A43900266535 /* Products */,
			);
			sourceTree = "<group>";
		};
		F525618F1D58A43900266535 /* Products */ = {
			isa = PBXGroup;
			children = (
				F525618E1D58A43900266535 /* FlapMyPort.app */,
			);
			name = Products;
			sourceTree = "<group>";
		};
		F52561901D58A43900266535 /* FlapMyPort */ = {
			isa = PBXGroup;
			children = (
				F51B9B931D6C806D000BF934 /* FlapMyPort.entitlements */,
				F52561911D58A43900266535 /* AppDelegate.h */,
				F52561921D58A43900266535 /* AppDelegate.m */,
				F52561971D58A43900266535 /* ViewController.h */,
				F52561981D58A43900266535 /* ViewController.m */,
				F52561AC1D58A51200266535 /* Managers */,
				F52561AA1D58A4E500266535 /* Flaps */,
				F52561A51D58A4BD00266535 /* Main.storyboard */,
				F5E1FAE11D58F37D00F86822 /* linkdown.aif */,
				F525619A1D58A43900266535 /* Assets.xcassets */,
				F525619F1D58A43900266535 /* Info.plist */,
				F52561941D58A43900266535 /* Supporting Files */,
			);
			path = FlapMyPort;
			sourceTree = "<group>";
		};
		F52561941D58A43900266535 /* Supporting Files */ = {
			isa = PBXGroup;
			children = (
				F52561951D58A43900266535 /* main.m */,
			);
			name = "Supporting Files";
			sourceTree = "<group>";
		};
		F52561AA1D58A4E500266535 /* Flaps */ = {
			isa = PBXGroup;
			children = (
				F52561AD1D58A52200266535 /* ChartCell.h */,
				F52561AE1D58A52200266535 /* ChartCell.m */,
				F52561AF1D58A52200266535 /* CheckBoxTableCell.h */,
				F52561B01D58A52200266535 /* CheckBoxTableCell.m */,
				F52561B11D58A52200266535 /* FlapTableViewController.h */,
				F52561B21D58A52200266535 /* FlapTableViewController.m */,
				F52561B31D58A52200266535 /* PrefController.h */,
				F52561B41D58A52200266535 /* PrefController.m */,
			);
			name = Flaps;
			sourceTree = "<group>";
		};
		F52561AC1D58A51200266535 /* Managers */ = {
			isa = PBXGroup;
			children = (
				F5E1FADE1D58AF4100F86822 /* URLManager.h */,
				F5E1FADF1D58AF4100F86822 /* URLManager.m */,
			);
			name = Managers;
			sourceTree = "<group>";
		};
/* End PBXGroup section */

/* Begin PBXNativeTarget section */
		F525618D1D58A43900266535 /* FlapMyPort */ = {
			isa = PBXNativeTarget;
			buildConfigurationList = F52561A21D58A43900266535 /* Build configuration list for PBXNativeTarget "FlapMyPort" */;
			buildPhases = (
				F525618A1D58A43900266535 /* Sources */,
				F525618B1D58A43900266535 /* Frameworks */,
				F525618C1D58A43900266535 /* Resources */,
			);
			buildRules = (
			);
			dependencies = (
			);
			name = FlapMyPort;
			productName = FlapMyPort;
			productReference = F525618E1D58A43900266535 /* FlapMyPort.app */;
			productType = "com.apple.product-type.application";
		};
/* End PBXNativeTarget section */

/* Begin PBXProject section */
		F52561861D58A43900266535 /* Project object */ = {
			isa = PBXProject;
			attributes = {
				LastUpgradeCheck = 1130;
				ORGANIZATIONNAME = "Vladislav Pavkin";
				TargetAttributes = {
					F525618D1D58A43900266535 = {
						CreatedOnToolsVersion = 7.3.1;
						DevelopmentTeam = 38RKUADJAV;
						ProvisioningStyle = Automatic;
						SystemCapabilities = {
							com.apple.Sandbox = {
								enabled = 1;
							};
						};
					};
				};
			};
			buildConfigurationList = F52561891D58A43900266535 /* Build configuration list for PBXProject "FlapMyPort" */;
			compatibilityVersion = "Xcode 3.2";
			developmentRegion = English;
			hasScannedForEncodings = 0;
			knownRegions = (
				English,
				en,
				Base,
			);
			mainGroup = F52561851D58A43900266535;
			productRefGroup = F525618F1D58A43900266535 /* Products */;
			projectDirPath = "";
			projectRoot = "";
			targets = (
				F525618D1D58A43900266535 /* FlapMyPort */,
			);
		};
/* End PBXProject section */

/* Begin PBXResourcesBuildPhase section */
		F525618C1D58A43900266535 /* Resources */ = {
			isa = PBXResourcesBuildPhase;
			buildActionMask = 2147483647;
			files = (
				F5E1FAE21D58FE0200F86822 /* linkdown.aif in Resources */,
				F525619B1D58A43900266535 /* Assets.xcassets in Resources */,
				F52561A61D58A4BD00266535 /* Main.storyboard in Resources */,
			);
			runOnlyForDeploymentPostprocessing = 0;
		};
/* End PBXResourcesBuildPhase section */

/* Begin PBXSourcesBuildPhase section */
		F525618A1D58A43900266535 /* Sources */ = {
			isa = PBXSourcesBuildPhase;
			buildActionMask = 2147483647;
			files = (
				F52561991D58A43900266535 /* ViewController.m in Sources */,
				F52561961D58A43900266535 /* main.m in Sources */,
				F52561B51D58A52200266535 /* ChartCell.m in Sources */,
				F52561B71D58A52200266535 /* FlapTableViewController.m in Sources */,
				F52561B81D58A52200266535 /* PrefController.m in Sources */,
				F52561B61D58A52200266535 /* CheckBoxTableCell.m in Sources */,
				F5E1FAE01D58AF4100F86822 /* URLManager.m in Sources */,
				F52561931D58A43900266535 /* AppDelegate.m in Sources */,
			);
			runOnlyForDeploymentPostprocessing = 0;
		};
/* End PBXSourcesBuildPhase section */

/* Begin XCBuildConfiguration section */
		F52561A01D58A43900266535 /* Debug */ = {
			isa = XCBuildConfiguration;
			buildSettings = {
				ALWAYS_SEARCH_USER_PATHS = NO;
				CLANG_ANALYZER_LOCALIZABILITY_NONLOCALIZED = YES;
				CLANG_ANALYZER_NONNULL = YES;
				CLANG_CXX_LANGUAGE_STANDARD = "gnu++0x";
				CLANG_CXX_LIBRARY = "libc++";
				CLANG_ENABLE_MODULES = YES;
				CLANG_ENABLE_OBJC_ARC = YES;
				CLANG_WARN_BLOCK_CAPTURE_AUTORELEASING = YES;
				CLANG_WARN_BOOL_CONVERSION = YES;
				CLANG_WARN_COMMA = YES;
				CLANG_WARN_CONSTANT_CONVERSION = YES;
				CLANG_WARN_DEPRECATED_OBJC_IMPLEMENTATIONS = YES;
				CLANG_WARN_DIRECT_OBJC_ISA_USAGE = YES_ERROR;
				CLANG_WARN_EMPTY_BODY = YES;
				CLANG_WARN_ENUM_CONVERSION = YES;
				CLANG_WARN_INFINITE_RECURSION = YES;
				CLANG_WARN_INT_CONVERSION = YES;
				CLANG_WARN_NON_LITERAL_NULL_CONVERSION = YES;
				CLANG_WARN_OBJC_IMPLICIT_RETAIN_SELF = YES;
				CLANG_WARN_OBJC_LITERAL_CONVERSION = YES;
				CLANG_WARN_OBJC_ROOT_CLASS = YES_ERROR;
				CLANG_WARN_RANGE_LOOP_ANALYSIS = YES;
				CLANG_WARN_STRICT_PROTOTYPES = YES;
				CLANG_WARN_SUSPICIOUS_MOVE = YES;
				CLANG_WARN_UNREACHABLE_CODE = YES;
				CLANG_WARN__DUPLICATE_METHOD_MATCH = YES;
				CODE_SIGN_IDENTITY = "-";
				COPY_PHASE_STRIP = NO;
				DEBUG_INFORMATION_FORMAT = dwarf;
				ENABLE_STRICT_OBJC_MSGSEND = YES;
				ENABLE_TESTABILITY = YES;
				GCC_C_LANGUAGE_STANDARD = gnu99;
				GCC_DYNAMIC_NO_PIC = NO;
				GCC_NO_COMMON_BLOCKS = YES;
				GCC_OPTIMIZATION_LEVEL = 0;
				GCC_PREPROCESSOR_DEFINITIONS = (
					"DEBUG=1",
					"$(inherited)",
				);
				GCC_WARN_64_TO_32_BIT_CONVERSION = YES;
				GCC_WARN_ABOUT_RETURN_TYPE = YES_ERROR;
				GCC_WARN_UNDECLARED_SELECTOR = YES;
				GCC_WARN_UNINITIALIZED_AUTOS = YES_AGGRESSIVE;
				GCC_WARN_UNUSED_FUNCTION = YES;
				GCC_WARN_UNUSED_VARIABLE = YES;
				MACOSX_DEPLOYMENT_TARGET = 10.11;
				MTL_ENABLE_DEBUG_INFO = YES;
				ONLY_ACTIVE_ARCH = YES;
				SDKROOT = macosx;
			};
			name = Debug;
		};
		F52561A11D58A43900266535 /* Release */ = {
			isa = XCBuildConfiguration;
			buildSettings = {
				ALWAYS_SEARCH_USER_PATHS = NO;
				CLANG_ANALYZER_LOCALIZABILITY_NONLOCALIZED = YES;
				CLANG_ANALYZER_NONNULL = YES;
				CLANG_CXX_LANGUAGE_STANDARD = "gnu++0x";
				CLANG_CXX_LIBRARY = "libc++";
				CLANG_ENABLE_MODULES = YES;
				CLANG_ENABLE_OBJC_ARC = YES;
				CLANG_WARN_BLOCK_CAPTURE_AUTORELEASING = YES;
				CLANG_WARN_BOOL_CONVERSION = YES;
				CLANG_WARN_COMMA = YES;
				CLANG_WARN_CONSTANT_CONVERSION = YES;
				CLANG_WARN_DEPRECATED_OBJC_IMPLEMENTATIONS = YES;
				CLANG_WARN_DIRECT_OBJC_ISA_USAGE = YES_ERROR;
				CLANG_WARN_EMPTY_BODY = YES;
				CLANG_WARN_ENUM_CONVERSION = YES;
				CLANG_WARN_INFINITE_RECURSION = YES;
				CLANG_WARN_INT_CONVERSION = YES;
				CLANG_WARN_NON_LITERAL_NULL_CONVERSION = YES;
				CLANG_WARN_OBJC_IMPLICIT_RETAIN_SELF = YES;
				CLANG_WARN_OBJC_LITERAL_CONVERSION = YES;
				CLANG_WARN_OBJC_ROOT_CLASS = YES_ERROR;
				CLANG_WARN_RANGE_LOOP_ANALYSIS = YES;
				CLANG_WARN_STRICT_PROTOTYPES = YES;
				CLANG_WARN_SUSPICIOUS_MOVE = YES;
				CLANG_WARN_UNREACHABLE_CODE = YES;
				CLANG_WARN__DUPLICATE_METHOD_MATCH = YES;
				CODE_SIGN_IDENTITY = "-";
				COPY_PHASE_STRIP = NO;
				DEBUG_INFORMATION_FORMAT = "dwarf-with-dsym";
				ENABLE_NS_ASSERTIONS = NO;
				ENABLE_STRICT_OBJC_MSGSEND = YES;
				GCC_C_LANGUAGE_STANDARD = gnu99;
				GCC_NO_COMMON_BLOCKS = YES;
				GCC_WARN_64_TO_32_BIT_CONVERSION = YES;
				GCC_WARN_ABOUT_RETURN_TYPE = YES_ERROR;
				GCC_WARN_UNDECLARED_SELECTOR = YES;
				GCC_WARN_UNINITIALIZED_AUTOS = YES_AGGRESSIVE;
				GCC_WARN_UNUSED_FUNCTION = YES;
				GCC_WARN_UNUSED_VARIABLE = YES;
				MACOSX_DEPLOYMENT_TARGET = 10.11;
				MTL_ENABLE_DEBUG_INFO = NO;
				SDKROOT = macosx;
			};
			name = Release;
		};
		F52561A31D58A43900266535 /* Debug */ = {
			isa = XCBuildConfiguration;
			buildSettings = {
				ASSETCATALOG_COMPILER_APPICON_NAME = AppIcon;
				CODE_SIGN_ENTITLEMENTS = FlapMyPort/FlapMyPort.entitlements;
				CODE_SIGN_IDENTITY = "Mac Developer";
				CODE_SIGN_STYLE = Automatic;
				COMBINE_HIDPI_IMAGES = YES;
				DEVELOPMENT_TEAM = 38RKUADJAV;
				ENABLE_HARDENED_RUNTIME = YES;
				INFOPLIST_FILE = FlapMyPort/Info.plist;
				LD_RUNPATH_SEARCH_PATHS = "$(inherited) @executable_path/../Frameworks";
				MARKETING_VERSION = 1.7;
				PRODUCT_BUNDLE_IDENTIFIER = ru.tablespoon.FlapMyPortMac;
				PRODUCT_NAME = "$(TARGET_NAME)";
				PROVISIONING_PROFILE_SPECIFIER = "";
			};
			name = Debug;
		};
		F52561A41D58A43900266535 /* Release */ = {
			isa = XCBuildConfiguration;
			buildSettings = {
				ASSETCATALOG_COMPILER_APPICON_NAME = AppIcon;
				CODE_SIGN_ENTITLEMENTS = FlapMyPort/FlapMyPort.entitlements;
				CODE_SIGN_IDENTITY = "Mac Developer";
				CODE_SIGN_STYLE = Automatic;
				COMBINE_HIDPI_IMAGES = YES;
				DEVELOPMENT_TEAM = 38RKUADJAV;
				ENABLE_HARDENED_RUNTIME = YES;
				INFOPLIST_FILE = FlapMyPort/Info.plist;
				LD_RUNPATH_SEARCH_PATHS = "$(inherited) @executable_path/../Frameworks";
				MARKETING_VERSION = 1.7;
				PRODUCT_BUNDLE_IDENTIFIER = ru.tablespoon.FlapMyPortMac;
				PRODUCT_NAME = "$(TARGET_NAME)";
				PROVISIONING_PROFILE_SPECIFIER = "";
			};
			name = Release;
		};
/* End XCBuildConfiguration section */

/* Begin XCConfigurationList section */
		F52561891D58A43900266535 /* Build configuration list for PBXProject "FlapMyPort" */ = {
			isa = XCConfigurationList;
			buildConfigurations = (
				F52561A01D58A43900266535 /* Debug */,
				F52561A11D58A43900266535 /* Release */,
			);
			defaultConfigurationIsVisible = 0;
			defaultConfigurationName = Release;
		};
		F52561A21D58A43900266535 /* Build configuration list for PBXNativeTarget "FlapMyPort" */ = {
			isa = XCConfigurationList;
			buildConfigurations = (
				F52561A31D58A43900266535 /* Debug */,
				F52561A41D58A43900266535 /* Release */,
			);
			defaultConfigurationIsVisible = 0;
			defaultConfigurationName = Release;
		};
/* End XCConfigurationList section */
	};
	rootObject = F52561861D58A43900266535 /* Project object */;
}
